
Microsoft Visual Studio Solution File, Format Version 12.00
# Visual Studio 2012
Project("{FAE04EC0-301F-11D3-BF4B-00C04F79EFBC}") = "FinanceVault", "FinanceCalculator\FinanceVault.csproj", "{BD71AACB-2EB9-4035-A939-FBBCAEF3F41A}"
EndProject
Global
	GlobalSection(SolutionConfigurationPlatforms) = preSolution
		Debug|iPhoneSimulator = Debug|iPhoneSimulator
		Release|iPhone = Release|iPhone
		Release|iPhoneSimulator = Release|iPhoneSimulator
		Debug|iPhone = Debug|iPhone
	EndGlobalSection
	GlobalSection(ProjectConfigurationPlatforms) = postSolution
		{BD71AACB-2EB9-4035-A939-FBBCAEF3F41A}.Debug|iPhone.ActiveCfg = Debug|iPhone
		{BD71AACB-2EB9-4035-A939-FBBCAEF3F41A}.Debug|iPhone.Build.0 = Debug|iPhone
		{BD71AACB-2EB9-4035-A939-FBBCAEF3F41A}.Debug|iPhoneSimulator.ActiveCfg = Debug|iPhoneSimulator
		{BD71AACB-2EB9-4035-A939-FBBCAEF3F41A}.Debug|iPhoneSimulator.Build.0 = Debug|iPhoneSimulator
		{BD71AACB-2EB9-4035-A939-FBBCAEF3F41A}.Release|iPhone.ActiveCfg = Release|iPhone
		{BD71AACB-2EB9-4035-A939-FBBCAEF3F41A}.Release|iPhone.Build.0 = Release|iPhone
		{BD71AACB-2EB9-4035-A939-FBBCAEF3F41A}.Release|iPhoneSimulator.ActiveCfg = Release|iPhoneSimulator
		{BD71AACB-2EB9-4035-A939-FBBCAEF3F41A}.Release|iPhoneSimulator.Build.0 = Release|iPhoneSimulator
	EndGlobalSection
EndGlobal
